
Microsoft Visual Studio Solution File, Format Version 12.00
# Visual Studio 15
VisualStudioVersion = 15.0.28307.136
MinimumVisualStudioVersion = 10.0.40219.1
Project("{8BC9CEB8-8B4A-11D0-8D11-00A0C91BC942}") = "Project1", "Project1\Project1.vcxproj", "{03FAB2AE-9F00-4F51-B7A0-3873E118E270}"
EndProject
Global
	GlobalSection(SolutionConfigurationPlatforms) = preSolution
		Debug|x64 = Debug|x64
		Debug|x86 = Debug|x86
		Release|x64 = Release|x64
		Release|x86 = Release|x86
	EndGlobalSection
	GlobalSection(ProjectConfigurationPlatforms) = postSolution
		{03FAB2AE-9F00-4F51-B7A0-3873E118E270}.Debug|x64.ActiveCfg = Debug|x64
		{03FAB2AE-9F00-4F51-B7A0-3873E118E270}.Debug|x64.Build.0 = Debug|x64
		{03FAB2AE-9F00-4F51-B7A0-3873E118E270}.Debug|x86.ActiveCfg = Debug|Win32
		{03FAB2AE-9F00-4F51-B7A0-3873E118E270}.Debug|x86.Build.0 = Debug|Win32
		{03FAB2AE-9F00-4F51-B7A0-3873E118E270}.Release|x64.ActiveCfg = Release|x64
		{03FAB2AE-9F00-4F51-B7A0-3873E118E270}.Release|x64.Build.0 = Release|x64
		{03FAB2AE-9F00-4F51-B7A0-3873E118E270}.Release|x86.ActiveCfg = Release|Win32
		{03FAB2AE-9F00-4F51-B7A0-3873E118E270}.Release|x86.Build.0 = Release|Win32
	EndGlobalSection
	GlobalSection(SolutionProperties) = preSolution
		HideSolutionNode = FALSE
	EndGlobalSection
	GlobalSection(ExtensibilityGlobals) = postSolution
		SolutionGuid = {8F8B7C2B-C419-4212-8D2C-29B26EA57AAB}
	EndGlobalSection
EndGlobal
